<?xml version="1.0" encoding="utf-8"?>
<Project ToolsVersion="4.0" xmlns="http://schemas.microsoft.com/developer/msbuild/2003">
  <ItemGroup>
    <Filter Include="源文件">
      <UniqueIdentifier>{4FC737F1-C7A5-4376-A066-2A32D752A2FF}</UniqueIdentifier>
      <Extensions>cpp;c;cc;cxx;c++;cppm;ixx;def;odl;idl;hpj;bat;asm;asmx</Extensions>
    </Filter>
    <Filter Include="头文件">
      <UniqueIdentifier>{93995380-89BD-4b04-88EB-625FBE52EBFB}</UniqueIdentifier>
      <Extensions>h;hh;hpp;hxx;h++;hm;inl;inc;ipp;xsd</Extensions>
    </Filter>
    <Filter Include="资源文件">
      <UniqueIdentifier>{67DA6AB6-F800-4c08-8B7A-83BB121AAD01}</UniqueIdentifier>
      <Extensions>rc;ico;cur;bmp;dlg;rc2;rct;bin;rgs;gif;jpg;jpeg;jpe;resx;tiff;tif;png;wav;mfcribbon-ms</Extensions>
    </Filter>
    <Filter Include="头文件\Geom">
      <UniqueIdentifier>{5e80781d-3b6c-4961-ac44-8df1677af15d}</UniqueIdentifier>
    </Filter>
    <Filter Include="源文件\Geom">
      <UniqueIdentifier>{2ffe9c96-3108-493b-baba-e157ff066893}</UniqueIdentifier>
    </Filter>
  </ItemGroup>
  <ItemGroup>
    <Text Include="GCode.txt">
      <Filter>资源文件</Filter>
    </Text>
  </ItemGroup>
  <ItemGroup>
    <ClInclude Include="StlModel.h">
      <Filter>头文件</Filter>
    </ClInclude>
    <ClInclude Include="File.h">
      <Filter>头文件</Filter>
    </ClInclude>
    <ClInclude Include="Layer.h">
      <Filter>头文件</Filter>
    </ClInclude>
    <ClInclude Include="VtkAdaptor.h">
      <Filter>头文件</Filter>
    </ClInclude>
    <ClInclude Include="Cutter.h">
      <Filter>头文件</Filter>
    </ClInclude>
    <ClInclude Include="GCode.h">
      <Filter>头文件</Filter>
    </ClInclude>
    <ClInclude Include="GeomAlgo.h">
      <Filter>头文件\Geom</Filter>
    </ClInclude>
    <ClInclude Include="Line.h">
      <Filter>头文件\Geom</Filter>
    </ClInclude>
    <ClInclude Include="Matrix3D.h">
      <Filter>头文件\Geom</Filter>
    </ClInclude>
    <ClInclude Include="Plane.h">
      <Filter>头文件\Geom</Filter>
    </ClInclude>
    <ClInclude Include="Polyline.h">
      <Filter>头文件\Geom</Filter>
    </ClInclude>
    <ClInclude Include="Ray.h">
      <Filter>头文件\Geom</Filter>
    </ClInclude>
    <ClInclude Include="Segment.h">
      <Filter>头文件\Geom</Filter>
    </ClInclude>
    <ClInclude Include="Triangle.h">
      <Filter>头文件\Geom</Filter>
    </ClInclude>
    <ClInclude Include="Vector3D.h">
      <Filter>头文件\Geom</Filter>
    </ClInclude>
    <ClInclude Include="LinkSegs.h">
      <Filter>头文件\Geom</Filter>
    </ClInclude>
    <ClInclude Include="LinkPoint.h">
      <Filter>头文件</Filter>
    </ClInclude>
  </ItemGroup>
  <ItemGroup>
    <ClCompile Include="main.cpp">
      <Filter>源文件</Filter>
    </ClCompile>
    <ClCompile Include="File.cpp">
      <Filter>源文件</Filter>
    </ClCompile>
    <ClCompile Include="StlModel.cpp">
      <Filter>源文件</Filter>
    </ClCompile>
    <ClCompile Include="Layer.cpp">
      <Filter>源文件</Filter>
    </ClCompile>
    <ClCompile Include="VtkAdaptor.cpp">
      <Filter>源文件</Filter>
    </ClCompile>
    <ClCompile Include="Cutter.cpp">
      <Filter>源文件</Filter>
    </ClCompile>
    <ClCompile Include="GCode.cpp">
      <Filter>源文件</Filter>
    </ClCompile>
    <ClCompile Include="Point3D.h">
      <Filter>头文件\Geom</Filter>
    </ClCompile>
    <ClCompile Include="GeomAlgo.cpp">
      <Filter>源文件\Geom</Filter>
    </ClCompile>
    <ClCompile Include="Line.cpp">
      <Filter>源文件\Geom</Filter>
    </ClCompile>
    <ClCompile Include="Matrix3D.cpp">
      <Filter>源文件\Geom</Filter>
    </ClCompile>
    <ClCompile Include="Plane.cpp">
      <Filter>源文件\Geom</Filter>
    </ClCompile>
    <ClCompile Include="Point3D.cpp">
      <Filter>源文件\Geom</Filter>
    </ClCompile>
    <ClCompile Include="Polyline.cpp">
      <Filter>源文件\Geom</Filter>
    </ClCompile>
    <ClCompile Include="Ray.cpp">
      <Filter>源文件\Geom</Filter>
    </ClCompile>
    <ClCompile Include="Segment.cpp">
      <Filter>源文件\Geom</Filter>
    </ClCompile>
    <ClCompile Include="Triangle.cpp">
      <Filter>源文件\Geom</Filter>
    </ClCompile>
    <ClCompile Include="Vector3D.cpp">
      <Filter>源文件\Geom</Filter>
    </ClCompile>
    <ClCompile Include="LinkSegs.cpp">
      <Filter>源文件\Geom</Filter>
    </ClCompile>
  </ItemGroup>
  <ItemGroup>
    <None Include="236.STL">
      <Filter>资源文件</Filter>
    </None>
    <None Include="zdd-asc.STL">
      <Filter>资源文件</Filter>
    </None>
  </ItemGroup>
</Project>